
Microsoft Visual Studio Solution File, Format Version 12.00
# Visual Studio Version 16
VisualStudioVersion = 16.0.29306.81
MinimumVisualStudioVersion = 10.0.40219.1
Project("{9092AA53-FB77-4645-B42D-1CCCA6BD08BD}") = "Week5Express", "Week5Express.njsproj", "{28A1F5AE-2A14-4D51-9D1D-913586BF2B32}"
EndProject
Global
	GlobalSection(SolutionConfigurationPlatforms) = preSolution
		Debug|Any CPU = Debug|Any CPU
		Release|Any CPU = Release|Any CPU
	EndGlobalSection
	GlobalSection(ProjectConfigurationPlatforms) = postSolution
		{28A1F5AE-2A14-4D51-9D1D-913586BF2B32}.Debug|Any CPU.ActiveCfg = Debug|Any CPU
		{28A1F5AE-2A14-4D51-9D1D-913586BF2B32}.Debug|Any CPU.Build.0 = Debug|Any CPU
		{28A1F5AE-2A14-4D51-9D1D-913586BF2B32}.Release|Any CPU.ActiveCfg = Release|Any CPU
		{28A1F5AE-2A14-4D51-9D1D-913586BF2B32}.Release|Any CPU.Build.0 = Release|Any CPU
	EndGlobalSection
	GlobalSection(SolutionProperties) = preSolution
		HideSolutionNode = FALSE
	EndGlobalSection
	GlobalSection(ExtensibilityGlobals) = postSolution
		SolutionGuid = {5233971E-D30A-4633-999E-027CBF9CA914}
	EndGlobalSection
EndGlobal
